
Microsoft Visual Studio Solution File, Format Version 12.00
# Visual Studio Version 16
VisualStudioVersion = 16.0.32630.194
MinimumVisualStudioVersion = 10.0.40219.1
Project("{FAE04EC0-301F-11D3-BF4B-00C04F79EFBC}") = "Examen_graficas", "Examen_graficas.csproj", "{02D0CC50-EC64-46F4-8F18-4A518B20AF82}"
EndProject
Global
	GlobalSection(SolutionConfigurationPlatforms) = preSolution
		Debug|Any CPU = Debug|Any CPU
		Release|Any CPU = Release|Any CPU
	EndGlobalSection
	GlobalSection(ProjectConfigurationPlatforms) = postSolution
		{02D0CC50-EC64-46F4-8F18-4A518B20AF82}.Debug|Any CPU.ActiveCfg = Debug|Any CPU
		{02D0CC50-EC64-46F4-8F18-4A518B20AF82}.Debug|Any CPU.Build.0 = Debug|Any CPU
		{02D0CC50-EC64-46F4-8F18-4A518B20AF82}.Release|Any CPU.ActiveCfg = Release|Any CPU
		{02D0CC50-EC64-46F4-8F18-4A518B20AF82}.Release|Any CPU.Build.0 = Release|Any CPU
	EndGlobalSection
	GlobalSection(SolutionProperties) = preSolution
		HideSolutionNode = FALSE
	EndGlobalSection
	GlobalSection(ExtensibilityGlobals) = postSolution
		SolutionGuid = {B280E03D-66AA-4C69-8578-1CD1228A551C}
	EndGlobalSection
EndGlobal
